
Microsoft Visual Studio Solution File, Format Version 12.00
# Visual Studio Version 16
VisualStudioVersion = 16.0.30104.148
MinimumVisualStudioVersion = 10.0.40219.1
Project("{FAE04EC0-301F-11D3-BF4B-00C04F79EFBC}") = "Xand0ConsoloGameCSharp", "Xand0ConsoloGameCSharp.csproj", "{1D8D4DA5-337F-4D20-B82C-58ADDCA8B805}"
EndProject
Global
	GlobalSection(SolutionConfigurationPlatforms) = preSolution
		Debug|Any CPU = Debug|Any CPU
		Release|Any CPU = Release|Any CPU
	EndGlobalSection
	GlobalSection(ProjectConfigurationPlatforms) = postSolution
		{1D8D4DA5-337F-4D20-B82C-58ADDCA8B805}.Debug|Any CPU.ActiveCfg = Debug|Any CPU
		{1D8D4DA5-337F-4D20-B82C-58ADDCA8B805}.Debug|Any CPU.Build.0 = Debug|Any CPU
		{1D8D4DA5-337F-4D20-B82C-58ADDCA8B805}.Release|Any CPU.ActiveCfg = Release|Any CPU
		{1D8D4DA5-337F-4D20-B82C-58ADDCA8B805}.Release|Any CPU.Build.0 = Release|Any CPU
	EndGlobalSection
	GlobalSection(SolutionProperties) = preSolution
		HideSolutionNode = FALSE
	EndGlobalSection
	GlobalSection(ExtensibilityGlobals) = postSolution
		SolutionGuid = {0B1E7705-6ABB-442F-94F2-F536AEF51B4C}
	EndGlobalSection
EndGlobal
